
Microsoft Visual Studio Solution File, Format Version 12.00
# Visual Studio Version 16
VisualStudioVersion = 16.0.32413.511
MinimumVisualStudioVersion = 10.0.40219.1
Project("{9A19103F-16F7-4668-BE54-9A1E7A4F7556}") = "winforms_curly_brace_reinitializer", "winforms_curly_brace_reinitializer\winforms_curly_brace_reinitializer.csproj", "{725037F3-C767-4AB8-9B5B-183A16ED16B3}"
EndProject
Global
	GlobalSection(SolutionConfigurationPlatforms) = preSolution
		Debug|Any CPU = Debug|Any CPU
		Release|Any CPU = Release|Any CPU
	EndGlobalSection
	GlobalSection(ProjectConfigurationPlatforms) = postSolution
		{725037F3-C767-4AB8-9B5B-183A16ED16B3}.Debug|Any CPU.ActiveCfg = Debug|Any CPU
		{725037F3-C767-4AB8-9B5B-183A16ED16B3}.Debug|Any CPU.Build.0 = Debug|Any CPU
		{725037F3-C767-4AB8-9B5B-183A16ED16B3}.Release|Any CPU.ActiveCfg = Release|Any CPU
		{725037F3-C767-4AB8-9B5B-183A16ED16B3}.Release|Any CPU.Build.0 = Release|Any CPU
	EndGlobalSection
	GlobalSection(SolutionProperties) = preSolution
		HideSolutionNode = FALSE
	EndGlobalSection
	GlobalSection(ExtensibilityGlobals) = postSolution
		SolutionGuid = {EAEB0DA7-29C0-4598-A900-02F62B6E47B2}
	EndGlobalSection
EndGlobal
